
Microsoft Visual Studio Solution File, Format Version 12.00
# Visual Studio Version 17
VisualStudioVersion = 17.5.002.0
MinimumVisualStudioVersion = 10.0.40219.1
Project("{9A19103F-16F7-4668-BE54-9A1E7A4F7556}") = "TravelDev", "TravelDev.csproj", "{464201F1-A578-49D1-853A-7BDFD6F25280}"
EndProject
Global
	GlobalSection(SolutionConfigurationPlatforms) = preSolution
		Debug|Any CPU = Debug|Any CPU
		Release|Any CPU = Release|Any CPU
	EndGlobalSection
	GlobalSection(ProjectConfigurationPlatforms) = postSolution
		{464201F1-A578-49D1-853A-7BDFD6F25280}.Debug|Any CPU.ActiveCfg = Debug|Any CPU
		{464201F1-A578-49D1-853A-7BDFD6F25280}.Debug|Any CPU.Build.0 = Debug|Any CPU
		{464201F1-A578-49D1-853A-7BDFD6F25280}.Release|Any CPU.ActiveCfg = Release|Any CPU
		{464201F1-A578-49D1-853A-7BDFD6F25280}.Release|Any CPU.Build.0 = Release|Any CPU
	EndGlobalSection
	GlobalSection(SolutionProperties) = preSolution
		HideSolutionNode = FALSE
	EndGlobalSection
	GlobalSection(ExtensibilityGlobals) = postSolution
		SolutionGuid = {4DAC8959-B955-4C5F-B1CE-5BB05C7D0FE9}
	EndGlobalSection
EndGlobal
